
Microsoft Visual Studio Solution File, Format Version 12.00
# Visual Studio Version 16
VisualStudioVersion = 16.0.31410.357
MinimumVisualStudioVersion = 10.0.40219.1
Project("{8BC9CEB8-8B4A-11D0-8D11-00A0C91BC942}") = "CopperEngine", "CopperEngine\CopperEngine.vcxproj", "{E72E7EB0-F72E-4A4D-B4D7-B07135C5AC7A}"
EndProject
Project("{8BC9CEB8-8B4A-11D0-8D11-00A0C91BC942}") = "Sandbox", "Sandbox\Sandbox.vcxproj", "{D7E36AC5-EE81-4F78-8909-E050F8F5FE5B}"
EndProject
Global
	GlobalSection(SolutionConfigurationPlatforms) = preSolution
		Debug|x64 = Debug|x64
		Release|x64 = Release|x64
	EndGlobalSection
	GlobalSection(ProjectConfigurationPlatforms) = postSolution
		{E72E7EB0-F72E-4A4D-B4D7-B07135C5AC7A}.Debug|x64.ActiveCfg = Debug|x64
		{E72E7EB0-F72E-4A4D-B4D7-B07135C5AC7A}.Debug|x64.Build.0 = Debug|x64
		{E72E7EB0-F72E-4A4D-B4D7-B07135C5AC7A}.Release|x64.ActiveCfg = Release|x64
		{E72E7EB0-F72E-4A4D-B4D7-B07135C5AC7A}.Release|x64.Build.0 = Release|x64
		{D7E36AC5-EE81-4F78-8909-E050F8F5FE5B}.Debug|x64.ActiveCfg = Debug|x64
		{D7E36AC5-EE81-4F78-8909-E050F8F5FE5B}.Debug|x64.Build.0 = Debug|x64
		{D7E36AC5-EE81-4F78-8909-E050F8F5FE5B}.Release|x64.ActiveCfg = Release|x64
		{D7E36AC5-EE81-4F78-8909-E050F8F5FE5B}.Release|x64.Build.0 = Release|x64
	EndGlobalSection
	GlobalSection(SolutionProperties) = preSolution
		HideSolutionNode = FALSE
	EndGlobalSection
	GlobalSection(ExtensibilityGlobals) = postSolution
		SolutionGuid = {78F04D62-838E-4DD6-BE92-762011AB56F3}
	EndGlobalSection
EndGlobal
